
Microsoft Visual Studio Solution File, Format Version 12.00
# Visual Studio Version 17
VisualStudioVersion = 17.0.31903.59
MinimumVisualStudioVersion = 10.0.40219.1
Project("{9A19103F-16F7-4668-BE54-9A1E7A4F7556}") = "SportsStore", "SportsStore\SportsStore.csproj", "{30867361-2F32-4FBD-B75C-5CA33AEBA72B}"
EndProject
Project("{9A19103F-16F7-4668-BE54-9A1E7A4F7556}") = "SportsStore.Tests", "SportsStore.Tests\SportsStore.Tests.csproj", "{7587F898-E7B6-4B4A-A95B-E0DC8750F0F7}"
EndProject
Global
	GlobalSection(SolutionConfigurationPlatforms) = preSolution
		Debug|Any CPU = Debug|Any CPU
		Release|Any CPU = Release|Any CPU
	EndGlobalSection
	GlobalSection(ProjectConfigurationPlatforms) = postSolution
		{30867361-2F32-4FBD-B75C-5CA33AEBA72B}.Debug|Any CPU.ActiveCfg = Debug|Any CPU
		{30867361-2F32-4FBD-B75C-5CA33AEBA72B}.Debug|Any CPU.Build.0 = Debug|Any CPU
		{30867361-2F32-4FBD-B75C-5CA33AEBA72B}.Release|Any CPU.ActiveCfg = Release|Any CPU
		{30867361-2F32-4FBD-B75C-5CA33AEBA72B}.Release|Any CPU.Build.0 = Release|Any CPU
		{7587F898-E7B6-4B4A-A95B-E0DC8750F0F7}.Debug|Any CPU.ActiveCfg = Debug|Any CPU
		{7587F898-E7B6-4B4A-A95B-E0DC8750F0F7}.Debug|Any CPU.Build.0 = Debug|Any CPU
		{7587F898-E7B6-4B4A-A95B-E0DC8750F0F7}.Release|Any CPU.ActiveCfg = Release|Any CPU
		{7587F898-E7B6-4B4A-A95B-E0DC8750F0F7}.Release|Any CPU.Build.0 = Release|Any CPU
	EndGlobalSection
	GlobalSection(SolutionProperties) = preSolution
		HideSolutionNode = FALSE
	EndGlobalSection
	GlobalSection(ExtensibilityGlobals) = postSolution
		SolutionGuid = {AB83BD79-6979-41C0-B860-6A24A24103E6}
	EndGlobalSection
EndGlobal
